
Microsoft Visual Studio Solution File, Format Version 12.00
# Visual Studio Version 17
VisualStudioVersion = 17.11.35327.3
MinimumVisualStudioVersion = 10.0.40219.1
Project("{2150E333-8FDC-42A3-9474-1A3956D46DE8}") = "FrontEnd", "FrontEnd", "{46A4B19C-FFE3-4E5A-BA8C-8CCEDBA75AC2}"
EndProject
Project("{2150E333-8FDC-42A3-9474-1A3956D46DE8}") = "Gateway", "Gateway", "{DA46015B-4A50-4AC0-ADE3-8113439F1D3C}"
EndProject
Project("{2150E333-8FDC-42A3-9474-1A3956D46DE8}") = "Integration", "Integration", "{37B7CADC-C581-4275-A199-66B14BBFDC0E}"
EndProject
Project("{2150E333-8FDC-42A3-9474-1A3956D46DE8}") = "Services", "Services", "{79869DCE-333D-4E27-A247-7E03380E8C66}"
EndProject
Project("{FAE04EC0-301F-11D3-BF4B-00C04F79EFBC}") = "Mango.Services.CouponAPI", "Mango.Services.CouponAPI\Mango.Services.CouponAPI.csproj", "{22C88B21-5D72-4853-9F65-ADC74A9B1519}"
EndProject
Project("{FAE04EC0-301F-11D3-BF4B-00C04F79EFBC}") = "Mango.Web", "Mango.Web\Mango.Web.csproj", "{702E5E32-4897-4E22-8217-3D4EA643934A}"
EndProject
Global
	GlobalSection(SolutionConfigurationPlatforms) = preSolution
		Debug|Any CPU = Debug|Any CPU
		Release|Any CPU = Release|Any CPU
	EndGlobalSection
	GlobalSection(ProjectConfigurationPlatforms) = postSolution
		{22C88B21-5D72-4853-9F65-ADC74A9B1519}.Debug|Any CPU.ActiveCfg = Debug|Any CPU
		{22C88B21-5D72-4853-9F65-ADC74A9B1519}.Debug|Any CPU.Build.0 = Debug|Any CPU
		{22C88B21-5D72-4853-9F65-ADC74A9B1519}.Release|Any CPU.ActiveCfg = Release|Any CPU
		{22C88B21-5D72-4853-9F65-ADC74A9B1519}.Release|Any CPU.Build.0 = Release|Any CPU
		{702E5E32-4897-4E22-8217-3D4EA643934A}.Debug|Any CPU.ActiveCfg = Debug|Any CPU
		{702E5E32-4897-4E22-8217-3D4EA643934A}.Debug|Any CPU.Build.0 = Debug|Any CPU
		{702E5E32-4897-4E22-8217-3D4EA643934A}.Release|Any CPU.ActiveCfg = Release|Any CPU
		{702E5E32-4897-4E22-8217-3D4EA643934A}.Release|Any CPU.Build.0 = Release|Any CPU
	EndGlobalSection
	GlobalSection(SolutionProperties) = preSolution
		HideSolutionNode = FALSE
	EndGlobalSection
	GlobalSection(NestedProjects) = preSolution
		{22C88B21-5D72-4853-9F65-ADC74A9B1519} = {79869DCE-333D-4E27-A247-7E03380E8C66}
		{702E5E32-4897-4E22-8217-3D4EA643934A} = {46A4B19C-FFE3-4E5A-BA8C-8CCEDBA75AC2}
	EndGlobalSection
	GlobalSection(ExtensibilityGlobals) = postSolution
		SolutionGuid = {A8E33E7C-8DCA-4208-942A-0E30A7389B1C}
	EndGlobalSection
EndGlobal
